
Microsoft Visual Studio Solution File, Format Version 12.00
# Visual Studio Version 16
VisualStudioVersion = 16.0.32106.194
MinimumVisualStudioVersion = 10.0.40219.1
Project("{FAE04EC0-301F-11D3-BF4B-00C04F79EFBC}") = "assignment2", "assignment2.csproj", "{BBDB1566-49E8-4368-B7A9-7838980A0403}"
EndProject
Global
	GlobalSection(SolutionConfigurationPlatforms) = preSolution
		Debug|Any CPU = Debug|Any CPU
		Release|Any CPU = Release|Any CPU
	EndGlobalSection
	GlobalSection(ProjectConfigurationPlatforms) = postSolution
		{BBDB1566-49E8-4368-B7A9-7838980A0403}.Debug|Any CPU.ActiveCfg = Debug|Any CPU
		{BBDB1566-49E8-4368-B7A9-7838980A0403}.Debug|Any CPU.Build.0 = Debug|Any CPU
		{BBDB1566-49E8-4368-B7A9-7838980A0403}.Release|Any CPU.ActiveCfg = Release|Any CPU
		{BBDB1566-49E8-4368-B7A9-7838980A0403}.Release|Any CPU.Build.0 = Release|Any CPU
	EndGlobalSection
	GlobalSection(SolutionProperties) = preSolution
		HideSolutionNode = FALSE
	EndGlobalSection
	GlobalSection(ExtensibilityGlobals) = postSolution
		SolutionGuid = {DBD36CFC-41B2-4CE9-BCD6-9B0EAEA05467}
	EndGlobalSection
EndGlobal
